
Microsoft Visual Studio Solution File, Format Version 12.00
# Visual Studio Version 17
VisualStudioVersion = 17.5.33516.290
MinimumVisualStudioVersion = 10.0.40219.1
Project("{FAE04EC0-301F-11D3-BF4B-00C04F79EFBC}") = "EF_Console", "EF_Console\EF_Console.csproj", "{A23006EF-CBBA-4BBA-B39E-12CE078CFD14}"
EndProject
Project("{FAE04EC0-301F-11D3-BF4B-00C04F79EFBC}") = "EF_DAL", "EF_DAL\EF_DAL.csproj", "{935AA255-94BE-43BA-BEC7-E85FF538EF7D}"
EndProject
Global
	GlobalSection(SolutionConfigurationPlatforms) = preSolution
		Debug|Any CPU = Debug|Any CPU
		Release|Any CPU = Release|Any CPU
	EndGlobalSection
	GlobalSection(ProjectConfigurationPlatforms) = postSolution
		{A23006EF-CBBA-4BBA-B39E-12CE078CFD14}.Debug|Any CPU.ActiveCfg = Debug|Any CPU
		{A23006EF-CBBA-4BBA-B39E-12CE078CFD14}.Debug|Any CPU.Build.0 = Debug|Any CPU
		{A23006EF-CBBA-4BBA-B39E-12CE078CFD14}.Release|Any CPU.ActiveCfg = Release|Any CPU
		{A23006EF-CBBA-4BBA-B39E-12CE078CFD14}.Release|Any CPU.Build.0 = Release|Any CPU
		{935AA255-94BE-43BA-BEC7-E85FF538EF7D}.Debug|Any CPU.ActiveCfg = Debug|Any CPU
		{935AA255-94BE-43BA-BEC7-E85FF538EF7D}.Debug|Any CPU.Build.0 = Debug|Any CPU
		{935AA255-94BE-43BA-BEC7-E85FF538EF7D}.Release|Any CPU.ActiveCfg = Release|Any CPU
		{935AA255-94BE-43BA-BEC7-E85FF538EF7D}.Release|Any CPU.Build.0 = Release|Any CPU
	EndGlobalSection
	GlobalSection(SolutionProperties) = preSolution
		HideSolutionNode = FALSE
	EndGlobalSection
	GlobalSection(ExtensibilityGlobals) = postSolution
		SolutionGuid = {A526763C-7588-4C2B-B06E-3197B56ADCC9}
	EndGlobalSection
EndGlobal
